
Microsoft Visual Studio Solution File, Format Version 12.00
# Visual Studio Version 16
VisualStudioVersion = 16.0.29209.62
MinimumVisualStudioVersion = 10.0.40219.1
Project("{FAE04EC0-301F-11D3-BF4B-00C04F79EFBC}") = "ReviewFor", "ReviewFor\ReviewFor.csproj", "{59467BD5-D494-4573-9CFE-D25AA3D62B7A}"
EndProject
Project("{FAE04EC0-301F-11D3-BF4B-00C04F79EFBC}") = "ReviewWhile", "ReviewWhile\ReviewWhile.csproj", "{18A2C34F-C22C-408A-8884-37849A403EDB}"
EndProject
Global
	GlobalSection(SolutionConfigurationPlatforms) = preSolution
		Debug|Any CPU = Debug|Any CPU
		Release|Any CPU = Release|Any CPU
	EndGlobalSection
	GlobalSection(ProjectConfigurationPlatforms) = postSolution
		{59467BD5-D494-4573-9CFE-D25AA3D62B7A}.Debug|Any CPU.ActiveCfg = Debug|Any CPU
		{59467BD5-D494-4573-9CFE-D25AA3D62B7A}.Debug|Any CPU.Build.0 = Debug|Any CPU
		{59467BD5-D494-4573-9CFE-D25AA3D62B7A}.Release|Any CPU.ActiveCfg = Release|Any CPU
		{59467BD5-D494-4573-9CFE-D25AA3D62B7A}.Release|Any CPU.Build.0 = Release|Any CPU
		{18A2C34F-C22C-408A-8884-37849A403EDB}.Debug|Any CPU.ActiveCfg = Debug|Any CPU
		{18A2C34F-C22C-408A-8884-37849A403EDB}.Debug|Any CPU.Build.0 = Debug|Any CPU
		{18A2C34F-C22C-408A-8884-37849A403EDB}.Release|Any CPU.ActiveCfg = Release|Any CPU
		{18A2C34F-C22C-408A-8884-37849A403EDB}.Release|Any CPU.Build.0 = Release|Any CPU
	EndGlobalSection
	GlobalSection(SolutionProperties) = preSolution
		HideSolutionNode = FALSE
	EndGlobalSection
	GlobalSection(ExtensibilityGlobals) = postSolution
		SolutionGuid = {9FC2B528-4836-45B9-AB92-6495911D6C44}
	EndGlobalSection
EndGlobal
