
Microsoft Visual Studio Solution File, Format Version 12.00
# Visual Studio Version 16
VisualStudioVersion = 16.0.29020.237
MinimumVisualStudioVersion = 10.0.40219.1
Project("{FAE04EC0-301F-11D3-BF4B-00C04F79EFBC}") = "StringTypesConcat", "StringTypesConcat\StringTypesConcat.csproj", "{BEE5A1FB-6D02-4EC5-98C1-3B8CD52F33C0}"
EndProject
Global
	GlobalSection(SolutionConfigurationPlatforms) = preSolution
		Debug|Any CPU = Debug|Any CPU
		Release|Any CPU = Release|Any CPU
	EndGlobalSection
	GlobalSection(ProjectConfigurationPlatforms) = postSolution
		{BEE5A1FB-6D02-4EC5-98C1-3B8CD52F33C0}.Debug|Any CPU.ActiveCfg = Debug|Any CPU
		{BEE5A1FB-6D02-4EC5-98C1-3B8CD52F33C0}.Debug|Any CPU.Build.0 = Debug|Any CPU
		{BEE5A1FB-6D02-4EC5-98C1-3B8CD52F33C0}.Release|Any CPU.ActiveCfg = Release|Any CPU
		{BEE5A1FB-6D02-4EC5-98C1-3B8CD52F33C0}.Release|Any CPU.Build.0 = Release|Any CPU
	EndGlobalSection
	GlobalSection(SolutionProperties) = preSolution
		HideSolutionNode = FALSE
	EndGlobalSection
	GlobalSection(ExtensibilityGlobals) = postSolution
		SolutionGuid = {652D52A8-47F2-4356-A19D-F69DAE91668E}
	EndGlobalSection
EndGlobal
