
Microsoft Visual Studio Solution File, Format Version 12.00
# Visual Studio Version 16
VisualStudioVersion = 16.0.29020.237
MinimumVisualStudioVersion = 10.0.40219.1
Project("{FAE04EC0-301F-11D3-BF4B-00C04F79EFBC}") = "ListarCarrosDoAmigo", "ListarCarrosDoAmigo\ListarCarrosDoAmigo.csproj", "{2C1321A8-ADDB-4834-8355-4628EBF27613}"
EndProject
Global
	GlobalSection(SolutionConfigurationPlatforms) = preSolution
		Debug|Any CPU = Debug|Any CPU
		Release|Any CPU = Release|Any CPU
	EndGlobalSection
	GlobalSection(ProjectConfigurationPlatforms) = postSolution
		{2C1321A8-ADDB-4834-8355-4628EBF27613}.Debug|Any CPU.ActiveCfg = Debug|Any CPU
		{2C1321A8-ADDB-4834-8355-4628EBF27613}.Debug|Any CPU.Build.0 = Debug|Any CPU
		{2C1321A8-ADDB-4834-8355-4628EBF27613}.Release|Any CPU.ActiveCfg = Release|Any CPU
		{2C1321A8-ADDB-4834-8355-4628EBF27613}.Release|Any CPU.Build.0 = Release|Any CPU
	EndGlobalSection
	GlobalSection(SolutionProperties) = preSolution
		HideSolutionNode = FALSE
	EndGlobalSection
	GlobalSection(ExtensibilityGlobals) = postSolution
		SolutionGuid = {BB27C2AF-CE29-4222-85D3-0D82862FB076}
	EndGlobalSection
EndGlobal
