
Microsoft Visual Studio Solution File, Format Version 12.00
# Visual Studio Version 16
VisualStudioVersion = 16.0.29424.173
MinimumVisualStudioVersion = 10.0.40219.1
Project("{FAE04EC0-301F-11D3-BF4B-00C04F79EFBC}") = "RegistroImoveis", "RegistroImoveis\RegistroImoveis.csproj", "{061397F5-0AC4-4F3D-B45A-451FAFB1836A}"
EndProject
Global
	GlobalSection(SolutionConfigurationPlatforms) = preSolution
		Debug|Any CPU = Debug|Any CPU
		Release|Any CPU = Release|Any CPU
	EndGlobalSection
	GlobalSection(ProjectConfigurationPlatforms) = postSolution
		{061397F5-0AC4-4F3D-B45A-451FAFB1836A}.Debug|Any CPU.ActiveCfg = Debug|Any CPU
		{061397F5-0AC4-4F3D-B45A-451FAFB1836A}.Debug|Any CPU.Build.0 = Debug|Any CPU
		{061397F5-0AC4-4F3D-B45A-451FAFB1836A}.Release|Any CPU.ActiveCfg = Release|Any CPU
		{061397F5-0AC4-4F3D-B45A-451FAFB1836A}.Release|Any CPU.Build.0 = Release|Any CPU
	EndGlobalSection
	GlobalSection(SolutionProperties) = preSolution
		HideSolutionNode = FALSE
	EndGlobalSection
	GlobalSection(ExtensibilityGlobals) = postSolution
		SolutionGuid = {7E988142-8FA7-4B49-ABE9-45B08E2C72EA}
	EndGlobalSection
EndGlobal
