
Microsoft Visual Studio Solution File, Format Version 12.00
# Visual Studio Version 16
VisualStudioVersion = 16.0.29020.237
MinimumVisualStudioVersion = 10.0.40219.1
Project("{FAE04EC0-301F-11D3-BF4B-00C04F79EFBC}") = "ListagemDeFlores", "ListagemDeFlores\ListagemDeFlores.csproj", "{BEFB4244-9F88-4C49-A986-1E12A30861A0}"
EndProject
Project("{FAE04EC0-301F-11D3-BF4B-00C04F79EFBC}") = "FloriculturaInterface", "FloriculturaInterface\FloriculturaInterface.csproj", "{C85C76E1-CBE3-4291-9E7C-08E131918CE1}"
EndProject
Global
	GlobalSection(SolutionConfigurationPlatforms) = preSolution
		Debug|Any CPU = Debug|Any CPU
		Release|Any CPU = Release|Any CPU
	EndGlobalSection
	GlobalSection(ProjectConfigurationPlatforms) = postSolution
		{BEFB4244-9F88-4C49-A986-1E12A30861A0}.Debug|Any CPU.ActiveCfg = Debug|Any CPU
		{BEFB4244-9F88-4C49-A986-1E12A30861A0}.Debug|Any CPU.Build.0 = Debug|Any CPU
		{BEFB4244-9F88-4C49-A986-1E12A30861A0}.Release|Any CPU.ActiveCfg = Release|Any CPU
		{BEFB4244-9F88-4C49-A986-1E12A30861A0}.Release|Any CPU.Build.0 = Release|Any CPU
		{C85C76E1-CBE3-4291-9E7C-08E131918CE1}.Debug|Any CPU.ActiveCfg = Debug|Any CPU
		{C85C76E1-CBE3-4291-9E7C-08E131918CE1}.Debug|Any CPU.Build.0 = Debug|Any CPU
		{C85C76E1-CBE3-4291-9E7C-08E131918CE1}.Release|Any CPU.ActiveCfg = Release|Any CPU
		{C85C76E1-CBE3-4291-9E7C-08E131918CE1}.Release|Any CPU.Build.0 = Release|Any CPU
	EndGlobalSection
	GlobalSection(SolutionProperties) = preSolution
		HideSolutionNode = FALSE
	EndGlobalSection
	GlobalSection(ExtensibilityGlobals) = postSolution
		SolutionGuid = {8A753554-382E-4CF6-8464-155F14C87EDE}
	EndGlobalSection
EndGlobal
