
Microsoft Visual Studio Solution File, Format Version 12.00
# Visual Studio Version 16
VisualStudioVersion = 16.0.29020.237
MinimumVisualStudioVersion = 10.0.40219.1
Project("{FAE04EC0-301F-11D3-BF4B-00C04F79EFBC}") = "ExercicioUm", "ExercicioUm\ExercicioUm.csproj", "{AABE8B66-080C-4601-AC13-6395020AC787}"
EndProject
Project("{FAE04EC0-301F-11D3-BF4B-00C04F79EFBC}") = "ExercicioDois", "ExercicioDois\ExercicioDois.csproj", "{CE9623C2-89BE-430F-82FC-7C53B18176D9}"
EndProject
Project("{FAE04EC0-301F-11D3-BF4B-00C04F79EFBC}") = "ExercicioTres", "ExercicioTres\ExercicioTres.csproj", "{9D19671C-C2E4-4002-9456-BB9AA0B91E70}"
EndProject
Project("{FAE04EC0-301F-11D3-BF4B-00C04F79EFBC}") = "ExercicioQuatro", "ExercicioQuatro\ExercicioQuatro.csproj", "{2A38348D-B693-43A2-9D6B-8006EDB26988}"
EndProject
Project("{FAE04EC0-301F-11D3-BF4B-00C04F79EFBC}") = "ExercicioCinco", "ExercicioCinco\ExercicioCinco.csproj", "{A3F3B08D-F3BF-4F10-8490-C0C66B3BA78B}"
EndProject
Project("{FAE04EC0-301F-11D3-BF4B-00C04F79EFBC}") = "ExercicioSeis", "ExercicioSeis\ExercicioSeis.csproj", "{70E5FD3D-DC7F-4FC2-9E54-8799A48F58E2}"
EndProject
Project("{FAE04EC0-301F-11D3-BF4B-00C04F79EFBC}") = "ExercicioSete", "ExercicioSete\ExercicioSete.csproj", "{01A31D6F-EF9C-4AA8-87C7-D8E733BF8EB9}"
EndProject
Global
	GlobalSection(SolutionConfigurationPlatforms) = preSolution
		Debug|Any CPU = Debug|Any CPU
		Release|Any CPU = Release|Any CPU
	EndGlobalSection
	GlobalSection(ProjectConfigurationPlatforms) = postSolution
		{AABE8B66-080C-4601-AC13-6395020AC787}.Debug|Any CPU.ActiveCfg = Debug|Any CPU
		{AABE8B66-080C-4601-AC13-6395020AC787}.Debug|Any CPU.Build.0 = Debug|Any CPU
		{AABE8B66-080C-4601-AC13-6395020AC787}.Release|Any CPU.ActiveCfg = Release|Any CPU
		{AABE8B66-080C-4601-AC13-6395020AC787}.Release|Any CPU.Build.0 = Release|Any CPU
		{CE9623C2-89BE-430F-82FC-7C53B18176D9}.Debug|Any CPU.ActiveCfg = Debug|Any CPU
		{CE9623C2-89BE-430F-82FC-7C53B18176D9}.Debug|Any CPU.Build.0 = Debug|Any CPU
		{CE9623C2-89BE-430F-82FC-7C53B18176D9}.Release|Any CPU.ActiveCfg = Release|Any CPU
		{CE9623C2-89BE-430F-82FC-7C53B18176D9}.Release|Any CPU.Build.0 = Release|Any CPU
		{9D19671C-C2E4-4002-9456-BB9AA0B91E70}.Debug|Any CPU.ActiveCfg = Debug|Any CPU
		{9D19671C-C2E4-4002-9456-BB9AA0B91E70}.Debug|Any CPU.Build.0 = Debug|Any CPU
		{9D19671C-C2E4-4002-9456-BB9AA0B91E70}.Release|Any CPU.ActiveCfg = Release|Any CPU
		{9D19671C-C2E4-4002-9456-BB9AA0B91E70}.Release|Any CPU.Build.0 = Release|Any CPU
		{2A38348D-B693-43A2-9D6B-8006EDB26988}.Debug|Any CPU.ActiveCfg = Debug|Any CPU
		{2A38348D-B693-43A2-9D6B-8006EDB26988}.Debug|Any CPU.Build.0 = Debug|Any CPU
		{2A38348D-B693-43A2-9D6B-8006EDB26988}.Release|Any CPU.ActiveCfg = Release|Any CPU
		{2A38348D-B693-43A2-9D6B-8006EDB26988}.Release|Any CPU.Build.0 = Release|Any CPU
		{A3F3B08D-F3BF-4F10-8490-C0C66B3BA78B}.Debug|Any CPU.ActiveCfg = Debug|Any CPU
		{A3F3B08D-F3BF-4F10-8490-C0C66B3BA78B}.Debug|Any CPU.Build.0 = Debug|Any CPU
		{A3F3B08D-F3BF-4F10-8490-C0C66B3BA78B}.Release|Any CPU.ActiveCfg = Release|Any CPU
		{A3F3B08D-F3BF-4F10-8490-C0C66B3BA78B}.Release|Any CPU.Build.0 = Release|Any CPU
		{70E5FD3D-DC7F-4FC2-9E54-8799A48F58E2}.Debug|Any CPU.ActiveCfg = Debug|Any CPU
		{70E5FD3D-DC7F-4FC2-9E54-8799A48F58E2}.Debug|Any CPU.Build.0 = Debug|Any CPU
		{70E5FD3D-DC7F-4FC2-9E54-8799A48F58E2}.Release|Any CPU.ActiveCfg = Release|Any CPU
		{70E5FD3D-DC7F-4FC2-9E54-8799A48F58E2}.Release|Any CPU.Build.0 = Release|Any CPU
		{01A31D6F-EF9C-4AA8-87C7-D8E733BF8EB9}.Debug|Any CPU.ActiveCfg = Debug|Any CPU
		{01A31D6F-EF9C-4AA8-87C7-D8E733BF8EB9}.Debug|Any CPU.Build.0 = Debug|Any CPU
		{01A31D6F-EF9C-4AA8-87C7-D8E733BF8EB9}.Release|Any CPU.ActiveCfg = Release|Any CPU
		{01A31D6F-EF9C-4AA8-87C7-D8E733BF8EB9}.Release|Any CPU.Build.0 = Release|Any CPU
	EndGlobalSection
	GlobalSection(SolutionProperties) = preSolution
		HideSolutionNode = FALSE
	EndGlobalSection
	GlobalSection(ExtensibilityGlobals) = postSolution
		SolutionGuid = {7EE2FDF1-C735-4C79-85B0-3F1B9D6EE7D5}
	EndGlobalSection
EndGlobal
