
Microsoft Visual Studio Solution File, Format Version 12.00
# Visual Studio Version 16
VisualStudioVersion = 16.0.29020.237
MinimumVisualStudioVersion = 10.0.40219.1
Project("{FAE04EC0-301F-11D3-BF4B-00C04F79EFBC}") = "CicloWhile", "CicloWhile\CicloWhile.csproj", "{57CC415F-C5D4-4F55-AD11-55DD80C11542}"
EndProject
Project("{FAE04EC0-301F-11D3-BF4B-00C04F79EFBC}") = "PodeBeber", "PodeBeber\PodeBeber.csproj", "{EB4A6B37-89DE-4EB8-A91F-586C89873E12}"
EndProject
Project("{FAE04EC0-301F-11D3-BF4B-00C04F79EFBC}") = "TimeNowShow", "TimeNowShow\TimeNowShow.csproj", "{19AD7021-164C-4B5D-ADD9-33AE3D6AAB22}"
EndProject
Global
	GlobalSection(SolutionConfigurationPlatforms) = preSolution
		Debug|Any CPU = Debug|Any CPU
		Release|Any CPU = Release|Any CPU
	EndGlobalSection
	GlobalSection(ProjectConfigurationPlatforms) = postSolution
		{57CC415F-C5D4-4F55-AD11-55DD80C11542}.Debug|Any CPU.ActiveCfg = Debug|Any CPU
		{57CC415F-C5D4-4F55-AD11-55DD80C11542}.Debug|Any CPU.Build.0 = Debug|Any CPU
		{57CC415F-C5D4-4F55-AD11-55DD80C11542}.Release|Any CPU.ActiveCfg = Release|Any CPU
		{57CC415F-C5D4-4F55-AD11-55DD80C11542}.Release|Any CPU.Build.0 = Release|Any CPU
		{EB4A6B37-89DE-4EB8-A91F-586C89873E12}.Debug|Any CPU.ActiveCfg = Debug|Any CPU
		{EB4A6B37-89DE-4EB8-A91F-586C89873E12}.Debug|Any CPU.Build.0 = Debug|Any CPU
		{EB4A6B37-89DE-4EB8-A91F-586C89873E12}.Release|Any CPU.ActiveCfg = Release|Any CPU
		{EB4A6B37-89DE-4EB8-A91F-586C89873E12}.Release|Any CPU.Build.0 = Release|Any CPU
		{19AD7021-164C-4B5D-ADD9-33AE3D6AAB22}.Debug|Any CPU.ActiveCfg = Debug|Any CPU
		{19AD7021-164C-4B5D-ADD9-33AE3D6AAB22}.Debug|Any CPU.Build.0 = Debug|Any CPU
		{19AD7021-164C-4B5D-ADD9-33AE3D6AAB22}.Release|Any CPU.ActiveCfg = Release|Any CPU
		{19AD7021-164C-4B5D-ADD9-33AE3D6AAB22}.Release|Any CPU.Build.0 = Release|Any CPU
	EndGlobalSection
	GlobalSection(SolutionProperties) = preSolution
		HideSolutionNode = FALSE
	EndGlobalSection
	GlobalSection(ExtensibilityGlobals) = postSolution
		SolutionGuid = {967901FD-12EE-4AE6-A752-326F22279149}
	EndGlobalSection
EndGlobal
