
Microsoft Visual Studio Solution File, Format Version 12.00
# Visual Studio Version 16
VisualStudioVersion = 16.0.29306.81
MinimumVisualStudioVersion = 10.0.40219.1
Project("{FAE04EC0-301F-11D3-BF4B-00C04F79EFBC}") = "WebApiBancoExistente", "WebApiBancoExistente\WebApiBancoExistente.csproj", "{E20546DF-EC7A-4851-B05A-CE383CAF9E57}"
EndProject
Global
	GlobalSection(SolutionConfigurationPlatforms) = preSolution
		Debug|Any CPU = Debug|Any CPU
		Release|Any CPU = Release|Any CPU
	EndGlobalSection
	GlobalSection(ProjectConfigurationPlatforms) = postSolution
		{E20546DF-EC7A-4851-B05A-CE383CAF9E57}.Debug|Any CPU.ActiveCfg = Debug|Any CPU
		{E20546DF-EC7A-4851-B05A-CE383CAF9E57}.Debug|Any CPU.Build.0 = Debug|Any CPU
		{E20546DF-EC7A-4851-B05A-CE383CAF9E57}.Release|Any CPU.ActiveCfg = Release|Any CPU
		{E20546DF-EC7A-4851-B05A-CE383CAF9E57}.Release|Any CPU.Build.0 = Release|Any CPU
	EndGlobalSection
	GlobalSection(SolutionProperties) = preSolution
		HideSolutionNode = FALSE
	EndGlobalSection
	GlobalSection(ExtensibilityGlobals) = postSolution
		SolutionGuid = {D1E914BE-8490-45D2-9F90-C303D7036DA8}
	EndGlobalSection
EndGlobal
