
Microsoft Visual Studio Solution File, Format Version 12.00
# Visual Studio Version 16
VisualStudioVersion = 16.0.29020.237
MinimumVisualStudioVersion = 10.0.40219.1
Project("{FAE04EC0-301F-11D3-BF4B-00C04F79EFBC}") = "ListagemDeCervejas", "ListagemDeCervejas\ListagemDeCervejas.csproj", "{A9147870-3EFA-4740-8F43-2BB167F643BE}"
EndProject
Project("{FAE04EC0-301F-11D3-BF4B-00C04F79EFBC}") = "SistemaCervejaAmbebe", "SistemaCervejaAmbebe\SistemaCervejaAmbebe.csproj", "{AB4327B7-6A19-40C9-B623-788383D58AC3}"
EndProject
Global
	GlobalSection(SolutionConfigurationPlatforms) = preSolution
		Debug|Any CPU = Debug|Any CPU
		Release|Any CPU = Release|Any CPU
	EndGlobalSection
	GlobalSection(ProjectConfigurationPlatforms) = postSolution
		{A9147870-3EFA-4740-8F43-2BB167F643BE}.Debug|Any CPU.ActiveCfg = Debug|Any CPU
		{A9147870-3EFA-4740-8F43-2BB167F643BE}.Debug|Any CPU.Build.0 = Debug|Any CPU
		{A9147870-3EFA-4740-8F43-2BB167F643BE}.Release|Any CPU.ActiveCfg = Release|Any CPU
		{A9147870-3EFA-4740-8F43-2BB167F643BE}.Release|Any CPU.Build.0 = Release|Any CPU
		{AB4327B7-6A19-40C9-B623-788383D58AC3}.Debug|Any CPU.ActiveCfg = Debug|Any CPU
		{AB4327B7-6A19-40C9-B623-788383D58AC3}.Debug|Any CPU.Build.0 = Debug|Any CPU
		{AB4327B7-6A19-40C9-B623-788383D58AC3}.Release|Any CPU.ActiveCfg = Release|Any CPU
		{AB4327B7-6A19-40C9-B623-788383D58AC3}.Release|Any CPU.Build.0 = Release|Any CPU
	EndGlobalSection
	GlobalSection(SolutionProperties) = preSolution
		HideSolutionNode = FALSE
	EndGlobalSection
	GlobalSection(ExtensibilityGlobals) = postSolution
		SolutionGuid = {E2010E41-8868-4E57-BB28-B1E5C71203AF}
	EndGlobalSection
EndGlobal
