
Microsoft Visual Studio Solution File, Format Version 12.00
# Visual Studio Version 16
VisualStudioVersion = 16.0.29020.237
MinimumVisualStudioVersion = 10.0.40219.1
Project("{FAE04EC0-301F-11D3-BF4B-00C04F79EFBC}") = "Alunos", "Alunos\Alunos.csproj", "{46ADCA44-C198-4D12-A98A-8682DAE15495}"
EndProject
Project("{FAE04EC0-301F-11D3-BF4B-00C04F79EFBC}") = "ListandoAlunos", "ListandoAlunos\ListandoAlunos.csproj", "{A69F07BA-3A39-46A3-99C5-002442FC7CC4}"
EndProject
Global
	GlobalSection(SolutionConfigurationPlatforms) = preSolution
		Debug|Any CPU = Debug|Any CPU
		Release|Any CPU = Release|Any CPU
	EndGlobalSection
	GlobalSection(ProjectConfigurationPlatforms) = postSolution
		{46ADCA44-C198-4D12-A98A-8682DAE15495}.Debug|Any CPU.ActiveCfg = Debug|Any CPU
		{46ADCA44-C198-4D12-A98A-8682DAE15495}.Debug|Any CPU.Build.0 = Debug|Any CPU
		{46ADCA44-C198-4D12-A98A-8682DAE15495}.Release|Any CPU.ActiveCfg = Release|Any CPU
		{46ADCA44-C198-4D12-A98A-8682DAE15495}.Release|Any CPU.Build.0 = Release|Any CPU
		{A69F07BA-3A39-46A3-99C5-002442FC7CC4}.Debug|Any CPU.ActiveCfg = Debug|Any CPU
		{A69F07BA-3A39-46A3-99C5-002442FC7CC4}.Debug|Any CPU.Build.0 = Debug|Any CPU
		{A69F07BA-3A39-46A3-99C5-002442FC7CC4}.Release|Any CPU.ActiveCfg = Release|Any CPU
		{A69F07BA-3A39-46A3-99C5-002442FC7CC4}.Release|Any CPU.Build.0 = Release|Any CPU
	EndGlobalSection
	GlobalSection(SolutionProperties) = preSolution
		HideSolutionNode = FALSE
	EndGlobalSection
	GlobalSection(ExtensibilityGlobals) = postSolution
		SolutionGuid = {1994A66D-49AD-413D-94C2-03E102AEDBFC}
	EndGlobalSection
EndGlobal
