
Microsoft Visual Studio Solution File, Format Version 12.00
# Visual Studio Version 16
VisualStudioVersion = 16.0.29424.173
MinimumVisualStudioVersion = 10.0.40219.1
Project("{FAE04EC0-301F-11D3-BF4B-00C04F79EFBC}") = "AtividadeFinal", "AtividadeFinal\AtividadeFinal.csproj", "{0143FDEC-7681-4F35-8BB0-84B117D1506C}"
EndProject
Global
	GlobalSection(SolutionConfigurationPlatforms) = preSolution
		Debug|Any CPU = Debug|Any CPU
		Release|Any CPU = Release|Any CPU
	EndGlobalSection
	GlobalSection(ProjectConfigurationPlatforms) = postSolution
		{0143FDEC-7681-4F35-8BB0-84B117D1506C}.Debug|Any CPU.ActiveCfg = Debug|Any CPU
		{0143FDEC-7681-4F35-8BB0-84B117D1506C}.Debug|Any CPU.Build.0 = Debug|Any CPU
		{0143FDEC-7681-4F35-8BB0-84B117D1506C}.Release|Any CPU.ActiveCfg = Release|Any CPU
		{0143FDEC-7681-4F35-8BB0-84B117D1506C}.Release|Any CPU.Build.0 = Release|Any CPU
	EndGlobalSection
	GlobalSection(SolutionProperties) = preSolution
		HideSolutionNode = FALSE
	EndGlobalSection
	GlobalSection(ExtensibilityGlobals) = postSolution
		SolutionGuid = {7849A011-4F34-47F8-ADD4-25EED970C8EC}
	EndGlobalSection
EndGlobal
