
Microsoft Visual Studio Solution File, Format Version 12.00
# Visual Studio Version 16
VisualStudioVersion = 16.0.29020.237
MinimumVisualStudioVersion = 10.0.40219.1
Project("{FAE04EC0-301F-11D3-BF4B-00C04F79EFBC}") = "RelatorioVenda", "RelatorioVenda\RelatorioVenda.csproj", "{3D8E052B-924D-4FCA-B5E2-EBDB6DBD421F}"
EndProject
Project("{FAE04EC0-301F-11D3-BF4B-00C04F79EFBC}") = "VendaCarros", "VendaCarros\VendaCarros.csproj", "{07591CC1-1D87-4622-A2ED-0CE382506DD9}"
EndProject
Global
	GlobalSection(SolutionConfigurationPlatforms) = preSolution
		Debug|Any CPU = Debug|Any CPU
		Release|Any CPU = Release|Any CPU
	EndGlobalSection
	GlobalSection(ProjectConfigurationPlatforms) = postSolution
		{3D8E052B-924D-4FCA-B5E2-EBDB6DBD421F}.Debug|Any CPU.ActiveCfg = Debug|Any CPU
		{3D8E052B-924D-4FCA-B5E2-EBDB6DBD421F}.Debug|Any CPU.Build.0 = Debug|Any CPU
		{3D8E052B-924D-4FCA-B5E2-EBDB6DBD421F}.Release|Any CPU.ActiveCfg = Release|Any CPU
		{3D8E052B-924D-4FCA-B5E2-EBDB6DBD421F}.Release|Any CPU.Build.0 = Release|Any CPU
		{07591CC1-1D87-4622-A2ED-0CE382506DD9}.Debug|Any CPU.ActiveCfg = Debug|Any CPU
		{07591CC1-1D87-4622-A2ED-0CE382506DD9}.Debug|Any CPU.Build.0 = Debug|Any CPU
		{07591CC1-1D87-4622-A2ED-0CE382506DD9}.Release|Any CPU.ActiveCfg = Release|Any CPU
		{07591CC1-1D87-4622-A2ED-0CE382506DD9}.Release|Any CPU.Build.0 = Release|Any CPU
	EndGlobalSection
	GlobalSection(SolutionProperties) = preSolution
		HideSolutionNode = FALSE
	EndGlobalSection
	GlobalSection(ExtensibilityGlobals) = postSolution
		SolutionGuid = {867AF40C-5BE7-4D11-A793-0D331C86D460}
	EndGlobalSection
EndGlobal
