
Microsoft Visual Studio Solution File, Format Version 12.00
# Visual Studio Version 16
VisualStudioVersion = 16.0.29209.62
MinimumVisualStudioVersion = 10.0.40219.1
Project("{FAE04EC0-301F-11D3-BF4B-00C04F79EFBC}") = "IniciandoForeach", "IniciandoForeach\IniciandoForeach.csproj", "{B4F3312A-B2A1-441F-B5C7-E0AD99F215DB}"
EndProject
Project("{FAE04EC0-301F-11D3-BF4B-00C04F79EFBC}") = "ExercicioReplace", "ExercicioReplace\ExercicioReplace.csproj", "{3C78B076-74B1-4A72-922C-563E2FDC1C6F}"
EndProject
Global
	GlobalSection(SolutionConfigurationPlatforms) = preSolution
		Debug|Any CPU = Debug|Any CPU
		Release|Any CPU = Release|Any CPU
	EndGlobalSection
	GlobalSection(ProjectConfigurationPlatforms) = postSolution
		{B4F3312A-B2A1-441F-B5C7-E0AD99F215DB}.Debug|Any CPU.ActiveCfg = Debug|Any CPU
		{B4F3312A-B2A1-441F-B5C7-E0AD99F215DB}.Debug|Any CPU.Build.0 = Debug|Any CPU
		{B4F3312A-B2A1-441F-B5C7-E0AD99F215DB}.Release|Any CPU.ActiveCfg = Release|Any CPU
		{B4F3312A-B2A1-441F-B5C7-E0AD99F215DB}.Release|Any CPU.Build.0 = Release|Any CPU
		{3C78B076-74B1-4A72-922C-563E2FDC1C6F}.Debug|Any CPU.ActiveCfg = Debug|Any CPU
		{3C78B076-74B1-4A72-922C-563E2FDC1C6F}.Debug|Any CPU.Build.0 = Debug|Any CPU
		{3C78B076-74B1-4A72-922C-563E2FDC1C6F}.Release|Any CPU.ActiveCfg = Release|Any CPU
		{3C78B076-74B1-4A72-922C-563E2FDC1C6F}.Release|Any CPU.Build.0 = Release|Any CPU
	EndGlobalSection
	GlobalSection(SolutionProperties) = preSolution
		HideSolutionNode = FALSE
	EndGlobalSection
	GlobalSection(ExtensibilityGlobals) = postSolution
		SolutionGuid = {32795527-93F6-4C26-86EA-A63C6305A333}
	EndGlobalSection
EndGlobal
