
Microsoft Visual Studio Solution File, Format Version 12.00
# Visual Studio Version 16
VisualStudioVersion = 16.0.29209.62
MinimumVisualStudioVersion = 10.0.40219.1
Project("{FAE04EC0-301F-11D3-BF4B-00C04F79EFBC}") = "IniciandoForeach", "IniciandoForeach\IniciandoForeach.csproj", "{B4F3312A-B2A1-441F-B5C7-E0AD99F215DB}"
EndProject
Project("{FAE04EC0-301F-11D3-BF4B-00C04F79EFBC}") = "ExercicioReplace", "ExercicioReplace\ExercicioReplace.csproj", "{3C78B076-74B1-4A72-922C-563E2FDC1C6F}"
EndProject
Project("{FAE04EC0-301F-11D3-BF4B-00C04F79EFBC}") = "ExercicioProfe", "ExercicioProfe\ExercicioProfe.csproj", "{EE373113-CB56-4B72-B402-DCC78DADB47A}"
EndProject
Project("{FAE04EC0-301F-11D3-BF4B-00C04F79EFBC}") = "IdadeMaior", "IdadeMaior\IdadeMaior.csproj", "{376C7642-73C2-4006-9260-0990CAFD6CED}"
EndProject
Project("{FAE04EC0-301F-11D3-BF4B-00C04F79EFBC}") = "AprendendoOList", "AprendendoOList\AprendendoOList.csproj", "{29BB604A-96A1-432A-850E-48A0564A22FC}"
EndProject
Global
	GlobalSection(SolutionConfigurationPlatforms) = preSolution
		Debug|Any CPU = Debug|Any CPU
		Release|Any CPU = Release|Any CPU
	EndGlobalSection
	GlobalSection(ProjectConfigurationPlatforms) = postSolution
		{B4F3312A-B2A1-441F-B5C7-E0AD99F215DB}.Debug|Any CPU.ActiveCfg = Debug|Any CPU
		{B4F3312A-B2A1-441F-B5C7-E0AD99F215DB}.Debug|Any CPU.Build.0 = Debug|Any CPU
		{B4F3312A-B2A1-441F-B5C7-E0AD99F215DB}.Release|Any CPU.ActiveCfg = Release|Any CPU
		{B4F3312A-B2A1-441F-B5C7-E0AD99F215DB}.Release|Any CPU.Build.0 = Release|Any CPU
		{3C78B076-74B1-4A72-922C-563E2FDC1C6F}.Debug|Any CPU.ActiveCfg = Debug|Any CPU
		{3C78B076-74B1-4A72-922C-563E2FDC1C6F}.Debug|Any CPU.Build.0 = Debug|Any CPU
		{3C78B076-74B1-4A72-922C-563E2FDC1C6F}.Release|Any CPU.ActiveCfg = Release|Any CPU
		{3C78B076-74B1-4A72-922C-563E2FDC1C6F}.Release|Any CPU.Build.0 = Release|Any CPU
		{EE373113-CB56-4B72-B402-DCC78DADB47A}.Debug|Any CPU.ActiveCfg = Debug|Any CPU
		{EE373113-CB56-4B72-B402-DCC78DADB47A}.Debug|Any CPU.Build.0 = Debug|Any CPU
		{EE373113-CB56-4B72-B402-DCC78DADB47A}.Release|Any CPU.ActiveCfg = Release|Any CPU
		{EE373113-CB56-4B72-B402-DCC78DADB47A}.Release|Any CPU.Build.0 = Release|Any CPU
		{376C7642-73C2-4006-9260-0990CAFD6CED}.Debug|Any CPU.ActiveCfg = Debug|Any CPU
		{376C7642-73C2-4006-9260-0990CAFD6CED}.Debug|Any CPU.Build.0 = Debug|Any CPU
		{376C7642-73C2-4006-9260-0990CAFD6CED}.Release|Any CPU.ActiveCfg = Release|Any CPU
		{376C7642-73C2-4006-9260-0990CAFD6CED}.Release|Any CPU.Build.0 = Release|Any CPU
		{29BB604A-96A1-432A-850E-48A0564A22FC}.Debug|Any CPU.ActiveCfg = Debug|Any CPU
		{29BB604A-96A1-432A-850E-48A0564A22FC}.Debug|Any CPU.Build.0 = Debug|Any CPU
		{29BB604A-96A1-432A-850E-48A0564A22FC}.Release|Any CPU.ActiveCfg = Release|Any CPU
		{29BB604A-96A1-432A-850E-48A0564A22FC}.Release|Any CPU.Build.0 = Release|Any CPU
	EndGlobalSection
	GlobalSection(SolutionProperties) = preSolution
		HideSolutionNode = FALSE
	EndGlobalSection
	GlobalSection(ExtensibilityGlobals) = postSolution
		SolutionGuid = {32795527-93F6-4C26-86EA-A63C6305A333}
	EndGlobalSection
EndGlobal
