
Microsoft Visual Studio Solution File, Format Version 12.00
# Visual Studio Version 16
VisualStudioVersion = 16.0.29020.237
MinimumVisualStudioVersion = 10.0.40219.1
Project("{FAE04EC0-301F-11D3-BF4B-00C04F79EFBC}") = "MinhaPrimeiraClass", "MinhaPrimeiraClass\MinhaPrimeiraClass.csproj", "{7136A81F-620B-4E11-AC15-BB7115B67AE0}"
EndProject
Project("{FAE04EC0-301F-11D3-BF4B-00C04F79EFBC}") = "MinhaSegundaClasse", "MinhaSegundaClasse\MinhaSegundaClasse.csproj", "{2EA62D37-3E69-4194-88C7-FAE2F076C372}"
EndProject
Global
	GlobalSection(SolutionConfigurationPlatforms) = preSolution
		Debug|Any CPU = Debug|Any CPU
		Release|Any CPU = Release|Any CPU
	EndGlobalSection
	GlobalSection(ProjectConfigurationPlatforms) = postSolution
		{7136A81F-620B-4E11-AC15-BB7115B67AE0}.Debug|Any CPU.ActiveCfg = Debug|Any CPU
		{7136A81F-620B-4E11-AC15-BB7115B67AE0}.Debug|Any CPU.Build.0 = Debug|Any CPU
		{7136A81F-620B-4E11-AC15-BB7115B67AE0}.Release|Any CPU.ActiveCfg = Release|Any CPU
		{7136A81F-620B-4E11-AC15-BB7115B67AE0}.Release|Any CPU.Build.0 = Release|Any CPU
		{2EA62D37-3E69-4194-88C7-FAE2F076C372}.Debug|Any CPU.ActiveCfg = Debug|Any CPU
		{2EA62D37-3E69-4194-88C7-FAE2F076C372}.Debug|Any CPU.Build.0 = Debug|Any CPU
		{2EA62D37-3E69-4194-88C7-FAE2F076C372}.Release|Any CPU.ActiveCfg = Release|Any CPU
		{2EA62D37-3E69-4194-88C7-FAE2F076C372}.Release|Any CPU.Build.0 = Release|Any CPU
	EndGlobalSection
	GlobalSection(SolutionProperties) = preSolution
		HideSolutionNode = FALSE
	EndGlobalSection
	GlobalSection(ExtensibilityGlobals) = postSolution
		SolutionGuid = {72488A7E-04BA-4023-A4BD-CD8E290CDD55}
	EndGlobalSection
EndGlobal
