
Microsoft Visual Studio Solution File, Format Version 12.00
# Visual Studio Version 16
VisualStudioVersion = 16.0.29020.237
MinimumVisualStudioVersion = 10.0.40219.1
Project("{FAE04EC0-301F-11D3-BF4B-00C04F79EFBC}") = "CestoDeFrutas", "CestoDeFrutas\CestoDeFrutas.csproj", "{1B30EAF6-AA8B-49F3-9C6C-C39C52EC196D}"
EndProject
Project("{FAE04EC0-301F-11D3-BF4B-00C04F79EFBC}") = "Exercicio", "Exercicio\Exercicio.csproj", "{32FB7A8E-81A5-45ED-8479-A3ED843971FC}"
EndProject
Project("{FAE04EC0-301F-11D3-BF4B-00C04F79EFBC}") = "ListandoPessoas2", "ListandoPessoas2\ListandoPessoas2.csproj", "{BF8EBEEA-903C-45EE-91D4-E5E4B72214D4}"
EndProject
Global
	GlobalSection(SolutionConfigurationPlatforms) = preSolution
		Debug|Any CPU = Debug|Any CPU
		Release|Any CPU = Release|Any CPU
	EndGlobalSection
	GlobalSection(ProjectConfigurationPlatforms) = postSolution
		{1B30EAF6-AA8B-49F3-9C6C-C39C52EC196D}.Debug|Any CPU.ActiveCfg = Debug|Any CPU
		{1B30EAF6-AA8B-49F3-9C6C-C39C52EC196D}.Debug|Any CPU.Build.0 = Debug|Any CPU
		{1B30EAF6-AA8B-49F3-9C6C-C39C52EC196D}.Release|Any CPU.ActiveCfg = Release|Any CPU
		{1B30EAF6-AA8B-49F3-9C6C-C39C52EC196D}.Release|Any CPU.Build.0 = Release|Any CPU
		{32FB7A8E-81A5-45ED-8479-A3ED843971FC}.Debug|Any CPU.ActiveCfg = Debug|Any CPU
		{32FB7A8E-81A5-45ED-8479-A3ED843971FC}.Debug|Any CPU.Build.0 = Debug|Any CPU
		{32FB7A8E-81A5-45ED-8479-A3ED843971FC}.Release|Any CPU.ActiveCfg = Release|Any CPU
		{32FB7A8E-81A5-45ED-8479-A3ED843971FC}.Release|Any CPU.Build.0 = Release|Any CPU
		{BF8EBEEA-903C-45EE-91D4-E5E4B72214D4}.Debug|Any CPU.ActiveCfg = Debug|Any CPU
		{BF8EBEEA-903C-45EE-91D4-E5E4B72214D4}.Debug|Any CPU.Build.0 = Debug|Any CPU
		{BF8EBEEA-903C-45EE-91D4-E5E4B72214D4}.Release|Any CPU.ActiveCfg = Release|Any CPU
		{BF8EBEEA-903C-45EE-91D4-E5E4B72214D4}.Release|Any CPU.Build.0 = Release|Any CPU
	EndGlobalSection
	GlobalSection(SolutionProperties) = preSolution
		HideSolutionNode = FALSE
	EndGlobalSection
	GlobalSection(ExtensibilityGlobals) = postSolution
		SolutionGuid = {8BE35DC8-DEC1-4BA9-8B47-9603CD78AFDE}
	EndGlobalSection
EndGlobal
