
Microsoft Visual Studio Solution File, Format Version 12.00
# Visual Studio Version 16
VisualStudioVersion = 16.0.29102.190
MinimumVisualStudioVersion = 10.0.40219.1
Project("{FAE04EC0-301F-11D3-BF4B-00C04F79EFBC}") = "UtilizandoWhile", "UtilizandoWhile\UtilizandoWhile.csproj", "{A5C151FF-2880-4656-93E9-8E1DF5A1C7A9}"
EndProject
Project("{FAE04EC0-301F-11D3-BF4B-00C04F79EFBC}") = "TextoComFor", "TextoComFor\TextoComFor.csproj", "{077413CC-711A-4263-BA12-00A60C0CE399}"
EndProject
Project("{FAE04EC0-301F-11D3-BF4B-00C04F79EFBC}") = "TextoComWhile", "TextoComWhile\TextoComWhile.csproj", "{A28FCDE9-1E68-4C3C-A8D6-5A168989B2CC}"
EndProject
Global
	GlobalSection(SolutionConfigurationPlatforms) = preSolution
		Debug|Any CPU = Debug|Any CPU
		Release|Any CPU = Release|Any CPU
	EndGlobalSection
	GlobalSection(ProjectConfigurationPlatforms) = postSolution
		{A5C151FF-2880-4656-93E9-8E1DF5A1C7A9}.Debug|Any CPU.ActiveCfg = Debug|Any CPU
		{A5C151FF-2880-4656-93E9-8E1DF5A1C7A9}.Debug|Any CPU.Build.0 = Debug|Any CPU
		{A5C151FF-2880-4656-93E9-8E1DF5A1C7A9}.Release|Any CPU.ActiveCfg = Release|Any CPU
		{A5C151FF-2880-4656-93E9-8E1DF5A1C7A9}.Release|Any CPU.Build.0 = Release|Any CPU
		{077413CC-711A-4263-BA12-00A60C0CE399}.Debug|Any CPU.ActiveCfg = Debug|Any CPU
		{077413CC-711A-4263-BA12-00A60C0CE399}.Debug|Any CPU.Build.0 = Debug|Any CPU
		{077413CC-711A-4263-BA12-00A60C0CE399}.Release|Any CPU.ActiveCfg = Release|Any CPU
		{077413CC-711A-4263-BA12-00A60C0CE399}.Release|Any CPU.Build.0 = Release|Any CPU
		{A28FCDE9-1E68-4C3C-A8D6-5A168989B2CC}.Debug|Any CPU.ActiveCfg = Debug|Any CPU
		{A28FCDE9-1E68-4C3C-A8D6-5A168989B2CC}.Debug|Any CPU.Build.0 = Debug|Any CPU
		{A28FCDE9-1E68-4C3C-A8D6-5A168989B2CC}.Release|Any CPU.ActiveCfg = Release|Any CPU
		{A28FCDE9-1E68-4C3C-A8D6-5A168989B2CC}.Release|Any CPU.Build.0 = Release|Any CPU
	EndGlobalSection
	GlobalSection(SolutionProperties) = preSolution
		HideSolutionNode = FALSE
	EndGlobalSection
	GlobalSection(ExtensibilityGlobals) = postSolution
		SolutionGuid = {F0DD61F9-A27E-4209-9EDB-7F420A2628EF}
	EndGlobalSection
EndGlobal
