
Microsoft Visual Studio Solution File, Format Version 12.00
# Visual Studio Version 16
VisualStudioVersion = 16.0.29020.237
MinimumVisualStudioVersion = 10.0.40219.1
Project("{FAE04EC0-301F-11D3-BF4B-00C04F79EFBC}") = "ExercicioUm", "ExercicioUm\ExercicioUm.csproj", "{7179CDC2-4F2A-4811-8118-FEA94876DA84}"
EndProject
Project("{FAE04EC0-301F-11D3-BF4B-00C04F79EFBC}") = "ExercicioDois", "ExercicioDois\ExercicioDois.csproj", "{8FDCC3F1-57EC-4B5B-9302-62B702A6EA85}"
EndProject
Project("{FAE04EC0-301F-11D3-BF4B-00C04F79EFBC}") = "ExercicioTres", "ExercicioTres\ExercicioTres.csproj", "{2D715505-50E9-4486-87DD-7DF57998F163}"
EndProject
Global
	GlobalSection(SolutionConfigurationPlatforms) = preSolution
		Debug|Any CPU = Debug|Any CPU
		Release|Any CPU = Release|Any CPU
	EndGlobalSection
	GlobalSection(ProjectConfigurationPlatforms) = postSolution
		{7179CDC2-4F2A-4811-8118-FEA94876DA84}.Debug|Any CPU.ActiveCfg = Debug|Any CPU
		{7179CDC2-4F2A-4811-8118-FEA94876DA84}.Debug|Any CPU.Build.0 = Debug|Any CPU
		{7179CDC2-4F2A-4811-8118-FEA94876DA84}.Release|Any CPU.ActiveCfg = Release|Any CPU
		{7179CDC2-4F2A-4811-8118-FEA94876DA84}.Release|Any CPU.Build.0 = Release|Any CPU
		{8FDCC3F1-57EC-4B5B-9302-62B702A6EA85}.Debug|Any CPU.ActiveCfg = Debug|Any CPU
		{8FDCC3F1-57EC-4B5B-9302-62B702A6EA85}.Debug|Any CPU.Build.0 = Debug|Any CPU
		{8FDCC3F1-57EC-4B5B-9302-62B702A6EA85}.Release|Any CPU.ActiveCfg = Release|Any CPU
		{8FDCC3F1-57EC-4B5B-9302-62B702A6EA85}.Release|Any CPU.Build.0 = Release|Any CPU
		{2D715505-50E9-4486-87DD-7DF57998F163}.Debug|Any CPU.ActiveCfg = Debug|Any CPU
		{2D715505-50E9-4486-87DD-7DF57998F163}.Debug|Any CPU.Build.0 = Debug|Any CPU
		{2D715505-50E9-4486-87DD-7DF57998F163}.Release|Any CPU.ActiveCfg = Release|Any CPU
		{2D715505-50E9-4486-87DD-7DF57998F163}.Release|Any CPU.Build.0 = Release|Any CPU
	EndGlobalSection
	GlobalSection(SolutionProperties) = preSolution
		HideSolutionNode = FALSE
	EndGlobalSection
	GlobalSection(ExtensibilityGlobals) = postSolution
		SolutionGuid = {D579A265-B597-47F4-A3A2-A6307A1B8C9C}
	EndGlobalSection
EndGlobal
